
Microsoft Visual Studio Solution File, Format Version 12.00
# Visual Studio 2013
VisualStudioVersion = 12.0.31101.0
MinimumVisualStudioVersion = 10.0.40219.1
Project("{FAE04EC0-301F-11D3-BF4B-00C04F79EFBC}") = "Bulk FIle Cleaver", "Bulk FIle Cleaver\Bulk FIle Cleaver.csproj", "{992FF74A-BCD4-4DA3-8435-222A8F02B220}"
EndProject
Project("{FAE04EC0-301F-11D3-BF4B-00C04F79EFBC}") = "DejaVu", "Dejavu\DejaVu.csproj", "{A204BD9C-1C1A-4AE8-9716-B7B6C67E09F7}"
EndProject
Global
	GlobalSection(SolutionConfigurationPlatforms) = preSolution
		Debug|Any CPU = Debug|Any CPU
		Release|Any CPU = Release|Any CPU
	EndGlobalSection
	GlobalSection(ProjectConfigurationPlatforms) = postSolution
		{992FF74A-BCD4-4DA3-8435-222A8F02B220}.Debug|Any CPU.ActiveCfg = Debug|Any CPU
		{992FF74A-BCD4-4DA3-8435-222A8F02B220}.Debug|Any CPU.Build.0 = Debug|Any CPU
		{992FF74A-BCD4-4DA3-8435-222A8F02B220}.Release|Any CPU.ActiveCfg = Release|Any CPU
		{992FF74A-BCD4-4DA3-8435-222A8F02B220}.Release|Any CPU.Build.0 = Release|Any CPU
		{A204BD9C-1C1A-4AE8-9716-B7B6C67E09F7}.Debug|Any CPU.ActiveCfg = Debug|Any CPU
		{A204BD9C-1C1A-4AE8-9716-B7B6C67E09F7}.Debug|Any CPU.Build.0 = Debug|Any CPU
		{A204BD9C-1C1A-4AE8-9716-B7B6C67E09F7}.Release|Any CPU.ActiveCfg = Release|Any CPU
		{A204BD9C-1C1A-4AE8-9716-B7B6C67E09F7}.Release|Any CPU.Build.0 = Release|Any CPU
	EndGlobalSection
	GlobalSection(SolutionProperties) = preSolution
		HideSolutionNode = FALSE
	EndGlobalSection
EndGlobal
